
Microsoft Visual Studio Solution File, Format Version 12.00
# Visual Studio Version 17
VisualStudioVersion = 17.1.32210.238
MinimumVisualStudioVersion = 10.0.40219.1
Project("{9A19103F-16F7-4668-BE54-9A1E7A4F7556}") = "BusinessLayer", "BusinessLayer\BusinessLayer.csproj", "{3C79E7F5-DE95-46E2-8E33-624F01F3861F}"
EndProject
Project("{9A19103F-16F7-4668-BE54-9A1E7A4F7556}") = "DataLayer", "DataLayer\DataLayer.csproj", "{EB1A2E22-4710-409A-A607-2B35906C3CB1}"
EndProject
Project("{FAE04EC0-301F-11D3-BF4B-00C04F79EFBC}") = "ServiceLayer", "ServiceLayer\ServiceLayer.csproj", "{77F7DF8D-BDE8-469B-BF90-64D4EEA5374B}"
EndProject
Project("{FAE04EC0-301F-11D3-BF4B-00C04F79EFBC}") = "PresentationLayer", "PresentationLayer\PresentationLayer.csproj", "{38B24CB5-9E47-4E42-B492-52E47200C1BB}"
EndProject
Project("{FAE04EC0-301F-11D3-BF4B-00C04F79EFBC}") = "TestingLayer", "TestingLayer\TestingLayer.csproj", "{6FD3CBDF-A9DB-4494-8C71-DF33A2CCBC03}"
EndProject
Global
	GlobalSection(SolutionConfigurationPlatforms) = preSolution
		Debug|Any CPU = Debug|Any CPU
		Release|Any CPU = Release|Any CPU
	EndGlobalSection
	GlobalSection(ProjectConfigurationPlatforms) = postSolution
		{3C79E7F5-DE95-46E2-8E33-624F01F3861F}.Debug|Any CPU.ActiveCfg = Debug|Any CPU
		{3C79E7F5-DE95-46E2-8E33-624F01F3861F}.Debug|Any CPU.Build.0 = Debug|Any CPU
		{3C79E7F5-DE95-46E2-8E33-624F01F3861F}.Release|Any CPU.ActiveCfg = Release|Any CPU
		{3C79E7F5-DE95-46E2-8E33-624F01F3861F}.Release|Any CPU.Build.0 = Release|Any CPU
		{EB1A2E22-4710-409A-A607-2B35906C3CB1}.Debug|Any CPU.ActiveCfg = Debug|Any CPU
		{EB1A2E22-4710-409A-A607-2B35906C3CB1}.Debug|Any CPU.Build.0 = Debug|Any CPU
		{EB1A2E22-4710-409A-A607-2B35906C3CB1}.Release|Any CPU.ActiveCfg = Release|Any CPU
		{EB1A2E22-4710-409A-A607-2B35906C3CB1}.Release|Any CPU.Build.0 = Release|Any CPU
		{77F7DF8D-BDE8-469B-BF90-64D4EEA5374B}.Debug|Any CPU.ActiveCfg = Debug|Any CPU
		{77F7DF8D-BDE8-469B-BF90-64D4EEA5374B}.Debug|Any CPU.Build.0 = Debug|Any CPU
		{77F7DF8D-BDE8-469B-BF90-64D4EEA5374B}.Release|Any CPU.ActiveCfg = Release|Any CPU
		{77F7DF8D-BDE8-469B-BF90-64D4EEA5374B}.Release|Any CPU.Build.0 = Release|Any CPU
		{38B24CB5-9E47-4E42-B492-52E47200C1BB}.Debug|Any CPU.ActiveCfg = Debug|Any CPU
		{38B24CB5-9E47-4E42-B492-52E47200C1BB}.Debug|Any CPU.Build.0 = Debug|Any CPU
		{38B24CB5-9E47-4E42-B492-52E47200C1BB}.Release|Any CPU.ActiveCfg = Release|Any CPU
		{38B24CB5-9E47-4E42-B492-52E47200C1BB}.Release|Any CPU.Build.0 = Release|Any CPU
		{6FD3CBDF-A9DB-4494-8C71-DF33A2CCBC03}.Debug|Any CPU.ActiveCfg = Debug|Any CPU
		{6FD3CBDF-A9DB-4494-8C71-DF33A2CCBC03}.Debug|Any CPU.Build.0 = Debug|Any CPU
		{6FD3CBDF-A9DB-4494-8C71-DF33A2CCBC03}.Release|Any CPU.ActiveCfg = Release|Any CPU
		{6FD3CBDF-A9DB-4494-8C71-DF33A2CCBC03}.Release|Any CPU.Build.0 = Release|Any CPU
	EndGlobalSection
	GlobalSection(SolutionProperties) = preSolution
		HideSolutionNode = FALSE
	EndGlobalSection
	GlobalSection(ExtensibilityGlobals) = postSolution
		SolutionGuid = {A16A85B8-1736-4C18-A5EE-95088F06DFAB}
	EndGlobalSection
EndGlobal
